// !$*UTF8*$!
{
	archiveVersion = 1;
	classes = {
	};
	objectVersion = 52;
	objects = {

/* Begin PBXBuildFile section */
		3BA5E7DC263FFF9900843483 /* AppView.swift in Sources */ = {isa = PBXBuildFile; fileRef = 3BA5E7DB263FFF9900843483 /* AppView.swift */; };
		3BA5E7DE263FFFB200843483 /* AppView.swift in Sources */ = {isa = PBXBuildFile; fileRef = 3BA5E7DD263FFFB200843483 /* AppView.swift */; };
		3BA5E7E0264000A600843483 /* ContentView.swift in Sources */ = {isa = PBXBuildFile; fileRef = 3BA5E7DF264000A600843483 /* ContentView.swift */; };
		3BA5E7E12640016300843483 /* ContentView.swift in Sources */ = {isa = PBXBuildFile; fileRef = 3BA5E7DF264000A600843483 /* ContentView.swift */; };
		3BA5E7E426400B3300843483 /* DetailsScreenView.swift in Sources */ = {isa = PBXBuildFile; fileRef = 3BA5E7E326400B3300843483 /* DetailsScreenView.swift */; };
		3BA5E7E726400B4000843483 /* DetailsScreenView.swift in Sources */ = {isa = PBXBuildFile; fileRef = 3BA5E7E626400B4000843483 /* DetailsScreenView.swift */; };
		3BFAD7BE263EA2700047E19C /* PopularMoviesSwiftUIApp.swift in Sources */ = {isa = PBXBuildFile; fileRef = 3BFAD7AB263EA26B0047E19C /* PopularMoviesSwiftUIApp.swift */; };
		3BFAD7BF263EA2700047E19C /* PopularMoviesSwiftUIApp.swift in Sources */ = {isa = PBXBuildFile; fileRef = 3BFAD7AB263EA26B0047E19C /* PopularMoviesSwiftUIApp.swift */; };
		3BFAD7C2263EA2700047E19C /* Assets.xcassets in Resources */ = {isa = PBXBuildFile; fileRef = 3BFAD7AD263EA2700047E19C /* Assets.xcassets */; };
		3BFAD7C3263EA2700047E19C /* Assets.xcassets in Resources */ = {isa = PBXBuildFile; fileRef = 3BFAD7AD263EA2700047E19C /* Assets.xcassets */; };
		3BFAD7F0263EA4550047E19C /* Core.h in Headers */ = {isa = PBXBuildFile; fileRef = 3BFAD7EE263EA4550047E19C /* Core.h */; settings = {ATTRIBUTES = (Public, ); }; };
		3BFAD7FB263EA5020047E19C /* Realm in Frameworks */ = {isa = PBXBuildFile; productRef = 3BFAD7FA263EA5020047E19C /* Realm */; };
		3BFAD7FD263EA5020047E19C /* RealmSwift in Frameworks */ = {isa = PBXBuildFile; productRef = 3BFAD7FC263EA5020047E19C /* RealmSwift */; };
		3BFAD800263EA5360047E19C /* Alamofire in Frameworks */ = {isa = PBXBuildFile; productRef = 3BFAD7FF263EA5360047E19C /* Alamofire */; };
		3BFAD806263EA7AD0047E19C /* KingfisherSwiftUI in Frameworks */ = {isa = PBXBuildFile; productRef = 3BFAD805263EA7AD0047E19C /* KingfisherSwiftUI */; };
		3BFAD807263EA7AD0047E19C /* KingfisherSwiftUI in Embed Frameworks */ = {isa = PBXBuildFile; productRef = 3BFAD805263EA7AD0047E19C /* KingfisherSwiftUI */; };
		3BFAD80C263EA7DE0047E19C /* Core.framework in Frameworks */ = {isa = PBXBuildFile; fileRef = 3BFAD7EC263EA4550047E19C /* Core.framework */; };
		3BFAD80D263EA7DE0047E19C /* Core.framework in Embed Frameworks */ = {isa = PBXBuildFile; fileRef = 3BFAD7EC263EA4550047E19C /* Core.framework */; settings = {ATTRIBUTES = (CodeSignOnCopy, RemoveHeadersOnCopy, ); }; };
		3BFAD810263EA7FD0047E19C /* Core.framework in Frameworks */ = {isa = PBXBuildFile; fileRef = 3BFAD7EC263EA4550047E19C /* Core.framework */; };
		3BFAD811263EA7FD0047E19C /* Core.framework in Embed Frameworks */ = {isa = PBXBuildFile; fileRef = 3BFAD7EC263EA4550047E19C /* Core.framework */; settings = {ATTRIBUTES = (CodeSignOnCopy, RemoveHeadersOnCopy, ); }; };
		3BFAD818263EA8080047E19C /* KingfisherSwiftUI in Frameworks */ = {isa = PBXBuildFile; productRef = 3BFAD817263EA8080047E19C /* KingfisherSwiftUI */; };
		3BFAD819263EA8080047E19C /* KingfisherSwiftUI in Embed Frameworks */ = {isa = PBXBuildFile; productRef = 3BFAD817263EA8080047E19C /* KingfisherSwiftUI */; settings = {ATTRIBUTES = (CodeSignOnCopy, ); }; };
		3BFAD83B263EA8610047E19C /* AbstractDatabase.swift in Sources */ = {isa = PBXBuildFile; fileRef = 3BFAD81C263EA8610047E19C /* AbstractDatabase.swift */; };
		3BFAD83C263EA8610047E19C /* Realm+Extensions.swift in Sources */ = {isa = PBXBuildFile; fileRef = 3BFAD81E263EA8610047E19C /* Realm+Extensions.swift */; };
		3BFAD83D263EA8610047E19C /* Database.swift in Sources */ = {isa = PBXBuildFile; fileRef = 3BFAD81F263EA8610047E19C /* Database.swift */; };
		3BFAD83E263EA8610047E19C /* Networking.swift in Sources */ = {isa = PBXBuildFile; fileRef = 3BFAD821263EA8610047E19C /* Networking.swift */; };
		3BFAD83F263EA8610047E19C /* Network.swift in Sources */ = {isa = PBXBuildFile; fileRef = 3BFAD822263EA8610047E19C /* Network.swift */; };
		3BFAD840263EA8610047E19C /* RMPopularMovie.swift in Sources */ = {isa = PBXBuildFile; fileRef = 3BFAD824263EA8610047E19C /* RMPopularMovie.swift */; };
		3BFAD841263EA8610047E19C /* Services.swift in Sources */ = {isa = PBXBuildFile; fileRef = 3BFAD825263EA8610047E19C /* Services.swift */; };
		3BFAD842263EA8610047E19C /* AutoUseCaseProvider.stencil in Resources */ = {isa = PBXBuildFile; fileRef = 3BFAD827263EA8610047E19C /* AutoUseCaseProvider.stencil */; };
		3BFAD843263EA8610047E19C /* Templates.swift in Sources */ = {isa = PBXBuildFile; fileRef = 3BFAD828263EA8610047E19C /* Templates.swift */; };
		3BFAD844263EA8610047E19C /* Services+External.swift in Sources */ = {isa = PBXBuildFile; fileRef = 3BFAD82B263EA8610047E19C /* Services+External.swift */; };
		3BFAD845263EA8610047E19C /* .gitkeep in Resources */ = {isa = PBXBuildFile; fileRef = 3BFAD82C263EA8610047E19C /* .gitkeep */; };
		3BFAD846263EA8610047E19C /* NSObject+AssociatedObject.swift in Sources */ = {isa = PBXBuildFile; fileRef = 3BFAD82D263EA8610047E19C /* NSObject+AssociatedObject.swift */; };
		3BFAD847263EA8610047E19C /* Convertible.swift in Sources */ = {isa = PBXBuildFile; fileRef = 3BFAD82F263EA8610047E19C /* Convertible.swift */; };
		3BFAD848263EA8610047E19C /* PopularMovie.swift in Sources */ = {isa = PBXBuildFile; fileRef = 3BFAD831263EA8610047E19C /* PopularMovie.swift */; };
		3BFAD849263EA8610047E19C /* MoviesService.swift in Sources */ = {isa = PBXBuildFile; fileRef = 3BFAD833263EA8610047E19C /* MoviesService.swift */; };
		3BFAD84A263EA8610047E19C /* AutoUseCaseProvider.generated.swift in Sources */ = {isa = PBXBuildFile; fileRef = 3BFAD835263EA8610047E19C /* AutoUseCaseProvider.generated.swift */; };
		3BFAD84B263EA8610047E19C /* Context.swift in Sources */ = {isa = PBXBuildFile; fileRef = 3BFAD836263EA8610047E19C /* Context.swift */; };
		3BFAD84C263EA8610047E19C /* MoviesUseCase.swift in Sources */ = {isa = PBXBuildFile; fileRef = 3BFAD838263EA8610047E19C /* MoviesUseCase.swift */; };
		3BFAD84D263EA8610047E19C /* UseCasesConsumer.swift in Sources */ = {isa = PBXBuildFile; fileRef = 3BFAD839263EA8610047E19C /* UseCasesConsumer.swift */; };
		3BFAD84E263EA8610047E19C /* AppEnvironment.swift in Sources */ = {isa = PBXBuildFile; fileRef = 3BFAD83A263EA8610047E19C /* AppEnvironment.swift */; };
		3BFAD862263EA9890047E19C /* ActivityIndicator.swift in Sources */ = {isa = PBXBuildFile; fileRef = 3BFAD850263EA9890047E19C /* ActivityIndicator.swift */; };
		3BFAD863263EA9890047E19C /* ActivityIndicator.swift in Sources */ = {isa = PBXBuildFile; fileRef = 3BFAD850263EA9890047E19C /* ActivityIndicator.swift */; };
		3BFAD866263EA9890047E19C /* BaseViewModel.swift in Sources */ = {isa = PBXBuildFile; fileRef = 3BFAD853263EA9890047E19C /* BaseViewModel.swift */; };
		3BFAD867263EA9890047E19C /* BaseViewModel.swift in Sources */ = {isa = PBXBuildFile; fileRef = 3BFAD853263EA9890047E19C /* BaseViewModel.swift */; };
		3BFAD868263EA9890047E19C /* ViewModel.swift in Sources */ = {isa = PBXBuildFile; fileRef = 3BFAD854263EA9890047E19C /* ViewModel.swift */; };
		3BFAD869263EA9890047E19C /* ViewModel.swift in Sources */ = {isa = PBXBuildFile; fileRef = 3BFAD854263EA9890047E19C /* ViewModel.swift */; };
		3BFAD86A263EA9890047E19C /* PopularMovieTableRow.swift in Sources */ = {isa = PBXBuildFile; fileRef = 3BFAD858263EA9890047E19C /* PopularMovieTableRow.swift */; };
		3BFAD86B263EA9890047E19C /* PopularMovieTableRow.swift in Sources */ = {isa = PBXBuildFile; fileRef = 3BFAD858263EA9890047E19C /* PopularMovieTableRow.swift */; };
		3BFAD86C263EA9890047E19C /* PopularMoviesViewModel.swift in Sources */ = {isa = PBXBuildFile; fileRef = 3BFAD859263EA9890047E19C /* PopularMoviesViewModel.swift */; };
		3BFAD86D263EA9890047E19C /* PopularMoviesViewModel.swift in Sources */ = {isa = PBXBuildFile; fileRef = 3BFAD859263EA9890047E19C /* PopularMoviesViewModel.swift */; };
		3BFAD872263EA9890047E19C /* FaforiteMoviesViewModel.swift in Sources */ = {isa = PBXBuildFile; fileRef = 3BFAD85D263EA9890047E19C /* FaforiteMoviesViewModel.swift */; };
		3BFAD873263EA9890047E19C /* FaforiteMoviesViewModel.swift in Sources */ = {isa = PBXBuildFile; fileRef = 3BFAD85D263EA9890047E19C /* FaforiteMoviesViewModel.swift */; };
		3BFAD878263EA9890047E19C /* DetailsScreenViewModel.swift in Sources */ = {isa = PBXBuildFile; fileRef = 3BFAD861263EA9890047E19C /* DetailsScreenViewModel.swift */; };
		3BFAD879263EA9890047E19C /* DetailsScreenViewModel.swift in Sources */ = {isa = PBXBuildFile; fileRef = 3BFAD861263EA9890047E19C /* DetailsScreenViewModel.swift */; };
		3BFAD87E263EB1F20047E19C /* .sourcery.yml in Resources */ = {isa = PBXBuildFile; fileRef = 3BFAD87D263EB1F20047E19C /* .sourcery.yml */; };
		3BFAD87F263EB1F20047E19C /* .sourcery.yml in Resources */ = {isa = PBXBuildFile; fileRef = 3BFAD87D263EB1F20047E19C /* .sourcery.yml */; };
		3BFAD883263ED3740047E19C /* SystemColors.swift in Sources */ = {isa = PBXBuildFile; fileRef = 3BFAD882263ED3730047E19C /* SystemColors.swift */; };
		3BFAD887263ED3830047E19C /* SystemColors.swift in Sources */ = {isa = PBXBuildFile; fileRef = 3BFAD885263ED3830047E19C /* SystemColors.swift */; };
		3BFAD88A263ED5A20047E19C /* PopularMoviesTab.swift in Sources */ = {isa = PBXBuildFile; fileRef = 3BFAD889263ED5A20047E19C /* PopularMoviesTab.swift */; };
		3BFAD88D263ED5B60047E19C /* PopularMoviesTab.swift in Sources */ = {isa = PBXBuildFile; fileRef = 3BFAD88C263ED5B60047E19C /* PopularMoviesTab.swift */; };
		3BFAD890263ED6B80047E19C /* FavoriteMoviesTab.swift in Sources */ = {isa = PBXBuildFile; fileRef = 3BFAD88F263ED6B80047E19C /* FavoriteMoviesTab.swift */; };
		3BFAD893263ED6C70047E19C /* FavoriteMoviesTab.swift in Sources */ = {isa = PBXBuildFile; fileRef = 3BFAD892263ED6C70047E19C /* FavoriteMoviesTab.swift */; };
		3BFAD895263ED7C10047E19C /* ScreenSize.swift in Sources */ = {isa = PBXBuildFile; fileRef = 3BFAD894263ED7C10047E19C /* ScreenSize.swift */; };
		3BFAD896263ED7C40047E19C /* ScreenSize.swift in Sources */ = {isa = PBXBuildFile; fileRef = 3BFAD894263ED7C10047E19C /* ScreenSize.swift */; };
/* End PBXBuildFile section */

/* Begin PBXContainerItemProxy section */
		3BFAD80E263EA7DE0047E19C /* PBXContainerItemProxy */ = {
			isa = PBXContainerItemProxy;
			containerPortal = 3BFAD7A6263EA26A0047E19C /* Project object */;
			proxyType = 1;
			remoteGlobalIDString = 3BFAD7EB263EA4550047E19C;
			remoteInfo = Core;
		};
		3BFAD812263EA7FD0047E19C /* PBXContainerItemProxy */ = {
			isa = PBXContainerItemProxy;
			containerPortal = 3BFAD7A6263EA26A0047E19C /* Project object */;
			proxyType = 1;
			remoteGlobalIDString = 3BFAD7EB263EA4550047E19C;
			remoteInfo = Core;
		};
/* End PBXContainerItemProxy section */

/* Begin PBXCopyFilesBuildPhase section */
		3BFAD80B263EA7AD0047E19C /* Embed Frameworks */ = {
			isa = PBXCopyFilesBuildPhase;
			buildActionMask = 2147483647;
			dstPath = "";
			dstSubfolderSpec = 10;
			files = (
				3BFAD80D263EA7DE0047E19C /* Core.framework in Embed Frameworks */,
				3BFAD807263EA7AD0047E19C /* KingfisherSwiftUI in Embed Frameworks */,
			);
			name = "Embed Frameworks";
			runOnlyForDeploymentPostprocessing = 0;
		};
		3BFAD814263EA7FD0047E19C /* Embed Frameworks */ = {
			isa = PBXCopyFilesBuildPhase;
			buildActionMask = 2147483647;
			dstPath = "";
			dstSubfolderSpec = 10;
			files = (
				3BFAD819263EA8080047E19C /* KingfisherSwiftUI in Embed Frameworks */,
				3BFAD811263EA7FD0047E19C /* Core.framework in Embed Frameworks */,
			);
			name = "Embed Frameworks";
			runOnlyForDeploymentPostprocessing = 0;
		};
/* End PBXCopyFilesBuildPhase section */

/* Begin PBXFileReference section */
		3BA5E7DB263FFF9900843483 /* AppView.swift */ = {isa = PBXFileReference; fileEncoding = 4; lastKnownFileType = sourcecode.swift; path = AppView.swift; sourceTree = "<group>"; };
		3BA5E7DD263FFFB200843483 /* AppView.swift */ = {isa = PBXFileReference; fileEncoding = 4; lastKnownFileType = sourcecode.swift; path = AppView.swift; sourceTree = "<group>"; };
		3BA5E7DF264000A600843483 /* ContentView.swift */ = {isa = PBXFileReference; lastKnownFileType = sourcecode.swift; path = ContentView.swift; sourceTree = "<group>"; };
		3BA5E7E326400B3300843483 /* DetailsScreenView.swift */ = {isa = PBXFileReference; fileEncoding = 4; lastKnownFileType = sourcecode.swift; path = DetailsScreenView.swift; sourceTree = "<group>"; };
		3BA5E7E626400B4000843483 /* DetailsScreenView.swift */ = {isa = PBXFileReference; fileEncoding = 4; lastKnownFileType = sourcecode.swift; path = DetailsScreenView.swift; sourceTree = "<group>"; };
		3BFAD7AB263EA26B0047E19C /* PopularMoviesSwiftUIApp.swift */ = {isa = PBXFileReference; lastKnownFileType = sourcecode.swift; path = PopularMoviesSwiftUIApp.swift; sourceTree = "<group>"; };
		3BFAD7AD263EA2700047E19C /* Assets.xcassets */ = {isa = PBXFileReference; lastKnownFileType = folder.assetcatalog; path = Assets.xcassets; sourceTree = "<group>"; };
		3BFAD7B2263EA2700047E19C /* PopularMoviesSwiftUI.app */ = {isa = PBXFileReference; explicitFileType = wrapper.application; includeInIndex = 0; path = PopularMoviesSwiftUI.app; sourceTree = BUILT_PRODUCTS_DIR; };
		3BFAD7B5263EA2700047E19C /* Info.plist */ = {isa = PBXFileReference; lastKnownFileType = text.plist.xml; path = Info.plist; sourceTree = "<group>"; };
		3BFAD7BA263EA2700047E19C /* PopularMoviesSwiftUI.app */ = {isa = PBXFileReference; explicitFileType = wrapper.application; includeInIndex = 0; path = PopularMoviesSwiftUI.app; sourceTree = BUILT_PRODUCTS_DIR; };
		3BFAD7BC263EA2700047E19C /* Info.plist */ = {isa = PBXFileReference; lastKnownFileType = text.plist.xml; path = Info.plist; sourceTree = "<group>"; };
		3BFAD7BD263EA2700047E19C /* macOS.entitlements */ = {isa = PBXFileReference; lastKnownFileType = text.plist.entitlements; path = macOS.entitlements; sourceTree = "<group>"; };
		3BFAD7EC263EA4550047E19C /* Core.framework */ = {isa = PBXFileReference; explicitFileType = wrapper.framework; includeInIndex = 0; path = Core.framework; sourceTree = BUILT_PRODUCTS_DIR; };
		3BFAD7EE263EA4550047E19C /* Core.h */ = {isa = PBXFileReference; lastKnownFileType = sourcecode.c.h; path = Core.h; sourceTree = "<group>"; };
		3BFAD7EF263EA4550047E19C /* Info.plist */ = {isa = PBXFileReference; lastKnownFileType = text.plist.xml; path = Info.plist; sourceTree = "<group>"; };
		3BFAD81C263EA8610047E19C /* AbstractDatabase.swift */ = {isa = PBXFileReference; fileEncoding = 4; lastKnownFileType = sourcecode.swift; path = AbstractDatabase.swift; sourceTree = "<group>"; };
		3BFAD81E263EA8610047E19C /* Realm+Extensions.swift */ = {isa = PBXFileReference; fileEncoding = 4; lastKnownFileType = sourcecode.swift; path = "Realm+Extensions.swift"; sourceTree = "<group>"; };
		3BFAD81F263EA8610047E19C /* Database.swift */ = {isa = PBXFileReference; fileEncoding = 4; lastKnownFileType = sourcecode.swift; path = Database.swift; sourceTree = "<group>"; };
		3BFAD821263EA8610047E19C /* Networking.swift */ = {isa = PBXFileReference; fileEncoding = 4; lastKnownFileType = sourcecode.swift; path = Networking.swift; sourceTree = "<group>"; };
		3BFAD822263EA8610047E19C /* Network.swift */ = {isa = PBXFileReference; fileEncoding = 4; lastKnownFileType = sourcecode.swift; path = Network.swift; sourceTree = "<group>"; };
		3BFAD824263EA8610047E19C /* RMPopularMovie.swift */ = {isa = PBXFileReference; fileEncoding = 4; lastKnownFileType = sourcecode.swift; path = RMPopularMovie.swift; sourceTree = "<group>"; };
		3BFAD825263EA8610047E19C /* Services.swift */ = {isa = PBXFileReference; fileEncoding = 4; lastKnownFileType = sourcecode.swift; path = Services.swift; sourceTree = "<group>"; };
		3BFAD827263EA8610047E19C /* AutoUseCaseProvider.stencil */ = {isa = PBXFileReference; fileEncoding = 4; lastKnownFileType = text; path = AutoUseCaseProvider.stencil; sourceTree = "<group>"; };
		3BFAD828263EA8610047E19C /* Templates.swift */ = {isa = PBXFileReference; fileEncoding = 4; lastKnownFileType = sourcecode.swift; path = Templates.swift; sourceTree = "<group>"; };
		3BFAD82B263EA8610047E19C /* Services+External.swift */ = {isa = PBXFileReference; fileEncoding = 4; lastKnownFileType = sourcecode.swift; path = "Services+External.swift"; sourceTree = "<group>"; };
		3BFAD82C263EA8610047E19C /* .gitkeep */ = {isa = PBXFileReference; fileEncoding = 4; lastKnownFileType = text; path = .gitkeep; sourceTree = "<group>"; };
		3BFAD82D263EA8610047E19C /* NSObject+AssociatedObject.swift */ = {isa = PBXFileReference; fileEncoding = 4; lastKnownFileType = sourcecode.swift; path = "NSObject+AssociatedObject.swift"; sourceTree = "<group>"; };
		3BFAD82F263EA8610047E19C /* Convertible.swift */ = {isa = PBXFileReference; fileEncoding = 4; lastKnownFileType = sourcecode.swift; path = Convertible.swift; sourceTree = "<group>"; };
		3BFAD831263EA8610047E19C /* PopularMovie.swift */ = {isa = PBXFileReference; fileEncoding = 4; lastKnownFileType = sourcecode.swift; path = PopularMovie.swift; sourceTree = "<group>"; };
		3BFAD833263EA8610047E19C /* MoviesService.swift */ = {isa = PBXFileReference; fileEncoding = 4; lastKnownFileType = sourcecode.swift; path = MoviesService.swift; sourceTree = "<group>"; };
		3BFAD835263EA8610047E19C /* AutoUseCaseProvider.generated.swift */ = {isa = PBXFileReference; fileEncoding = 4; lastKnownFileType = sourcecode.swift; path = AutoUseCaseProvider.generated.swift; sourceTree = "<group>"; };
		3BFAD836263EA8610047E19C /* Context.swift */ = {isa = PBXFileReference; fileEncoding = 4; lastKnownFileType = sourcecode.swift; path = Context.swift; sourceTree = "<group>"; };
		3BFAD838263EA8610047E19C /* MoviesUseCase.swift */ = {isa = PBXFileReference; fileEncoding = 4; lastKnownFileType = sourcecode.swift; path = MoviesUseCase.swift; sourceTree = "<group>"; };
		3BFAD839263EA8610047E19C /* UseCasesConsumer.swift */ = {isa = PBXFileReference; fileEncoding = 4; lastKnownFileType = sourcecode.swift; path = UseCasesConsumer.swift; sourceTree = "<group>"; };
		3BFAD83A263EA8610047E19C /* AppEnvironment.swift */ = {isa = PBXFileReference; fileEncoding = 4; lastKnownFileType = sourcecode.swift; path = AppEnvironment.swift; sourceTree = "<group>"; };
		3BFAD850263EA9890047E19C /* ActivityIndicator.swift */ = {isa = PBXFileReference; fileEncoding = 4; lastKnownFileType = sourcecode.swift; path = ActivityIndicator.swift; sourceTree = "<group>"; };
		3BFAD853263EA9890047E19C /* BaseViewModel.swift */ = {isa = PBXFileReference; fileEncoding = 4; lastKnownFileType = sourcecode.swift; path = BaseViewModel.swift; sourceTree = "<group>"; };
		3BFAD854263EA9890047E19C /* ViewModel.swift */ = {isa = PBXFileReference; fileEncoding = 4; lastKnownFileType = sourcecode.swift; path = ViewModel.swift; sourceTree = "<group>"; };
		3BFAD858263EA9890047E19C /* PopularMovieTableRow.swift */ = {isa = PBXFileReference; fileEncoding = 4; lastKnownFileType = sourcecode.swift; path = PopularMovieTableRow.swift; sourceTree = "<group>"; };
		3BFAD859263EA9890047E19C /* PopularMoviesViewModel.swift */ = {isa = PBXFileReference; fileEncoding = 4; lastKnownFileType = sourcecode.swift; path = PopularMoviesViewModel.swift; sourceTree = "<group>"; };
		3BFAD85D263EA9890047E19C /* FaforiteMoviesViewModel.swift */ = {isa = PBXFileReference; fileEncoding = 4; lastKnownFileType = sourcecode.swift; path = FaforiteMoviesViewModel.swift; sourceTree = "<group>"; };
		3BFAD861263EA9890047E19C /* DetailsScreenViewModel.swift */ = {isa = PBXFileReference; fileEncoding = 4; lastKnownFileType = sourcecode.swift; path = DetailsScreenViewModel.swift; sourceTree = "<group>"; };
		3BFAD87D263EB1F20047E19C /* .sourcery.yml */ = {isa = PBXFileReference; fileEncoding = 4; lastKnownFileType = text.yaml; path = .sourcery.yml; sourceTree = "<group>"; };
		3BFAD881263EB2CC0047E19C /* README.md */ = {isa = PBXFileReference; lastKnownFileType = net.daringfireball.markdown; path = README.md; sourceTree = "<group>"; };
		3BFAD882263ED3730047E19C /* SystemColors.swift */ = {isa = PBXFileReference; fileEncoding = 4; lastKnownFileType = sourcecode.swift; path = SystemColors.swift; sourceTree = "<group>"; };
		3BFAD885263ED3830047E19C /* SystemColors.swift */ = {isa = PBXFileReference; fileEncoding = 4; lastKnownFileType = sourcecode.swift; path = SystemColors.swift; sourceTree = "<group>"; };
		3BFAD889263ED5A20047E19C /* PopularMoviesTab.swift */ = {isa = PBXFileReference; fileEncoding = 4; lastKnownFileType = sourcecode.swift; path = PopularMoviesTab.swift; sourceTree = "<group>"; };
		3BFAD88C263ED5B60047E19C /* PopularMoviesTab.swift */ = {isa = PBXFileReference; fileEncoding = 4; lastKnownFileType = sourcecode.swift; path = PopularMoviesTab.swift; sourceTree = "<group>"; };
		3BFAD88F263ED6B80047E19C /* FavoriteMoviesTab.swift */ = {isa = PBXFileReference; fileEncoding = 4; lastKnownFileType = sourcecode.swift; path = FavoriteMoviesTab.swift; sourceTree = "<group>"; };
		3BFAD892263ED6C70047E19C /* FavoriteMoviesTab.swift */ = {isa = PBXFileReference; fileEncoding = 4; lastKnownFileType = sourcecode.swift; path = FavoriteMoviesTab.swift; sourceTree = "<group>"; };
		3BFAD894263ED7C10047E19C /* ScreenSize.swift */ = {isa = PBXFileReference; lastKnownFileType = sourcecode.swift; path = ScreenSize.swift; sourceTree = "<group>"; };
/* End PBXFileReference section */

/* Begin PBXFrameworksBuildPhase section */
		3BFAD7AF263EA2700047E19C /* Frameworks */ = {
			isa = PBXFrameworksBuildPhase;
			buildActionMask = 2147483647;
			files = (
				3BFAD806263EA7AD0047E19C /* KingfisherSwiftUI in Frameworks */,
				3BFAD80C263EA7DE0047E19C /* Core.framework in Frameworks */,
			);
			runOnlyForDeploymentPostprocessing = 0;
		};
		3BFAD7B7263EA2700047E19C /* Frameworks */ = {
			isa = PBXFrameworksBuildPhase;
			buildActionMask = 2147483647;
			files = (
				3BFAD818263EA8080047E19C /* KingfisherSwiftUI in Frameworks */,
				3BFAD810263EA7FD0047E19C /* Core.framework in Frameworks */,
			);
			runOnlyForDeploymentPostprocessing = 0;
		};
		3BFAD7E9263EA4550047E19C /* Frameworks */ = {
			isa = PBXFrameworksBuildPhase;
			buildActionMask = 2147483647;
			files = (
				3BFAD800263EA5360047E19C /* Alamofire in Frameworks */,
				3BFAD7FD263EA5020047E19C /* RealmSwift in Frameworks */,
				3BFAD7FB263EA5020047E19C /* Realm in Frameworks */,
			);
			runOnlyForDeploymentPostprocessing = 0;
		};
/* End PBXFrameworksBuildPhase section */

/* Begin PBXGroup section */
		3BA5E7E226400B3300843483 /* DetailsScreen */ = {
			isa = PBXGroup;
			children = (
				3BA5E7E326400B3300843483 /* DetailsScreenView.swift */,
			);
			path = DetailsScreen;
			sourceTree = "<group>";
		};
		3BA5E7E526400B4000843483 /* DetailsScreen */ = {
			isa = PBXGroup;
			children = (
				3BA5E7E626400B4000843483 /* DetailsScreenView.swift */,
			);
			path = DetailsScreen;
			sourceTree = "<group>";
		};
		3BFAD7A5263EA26A0047E19C = {
			isa = PBXGroup;
			children = (
				3BFAD881263EB2CC0047E19C /* README.md */,
				3BFAD7AA263EA26B0047E19C /* Shared */,
				3BFAD7B4263EA2700047E19C /* iOS */,
				3BFAD7BB263EA2700047E19C /* macOS */,
				3BFAD7ED263EA4550047E19C /* Core */,
				3BFAD7B3263EA2700047E19C /* Products */,
				3BFAD7F9263EA5020047E19C /* Frameworks */,
			);
			sourceTree = "<group>";
		};
		3BFAD7AA263EA26B0047E19C /* Shared */ = {
			isa = PBXGroup;
			children = (
				3BFAD84F263EA9890047E19C /* Common */,
				3BFAD855263EA9890047E19C /* Modules */,
				3BFAD7AB263EA26B0047E19C /* PopularMoviesSwiftUIApp.swift */,
				3BA5E7DF264000A600843483 /* ContentView.swift */,
				3BFAD7AD263EA2700047E19C /* Assets.xcassets */,
				3BFAD87D263EB1F20047E19C /* .sourcery.yml */,
			);
			path = Shared;
			sourceTree = "<group>";
		};
		3BFAD7B3263EA2700047E19C /* Products */ = {
			isa = PBXGroup;
			children = (
				3BFAD7B2263EA2700047E19C /* PopularMoviesSwiftUI.app */,
				3BFAD7BA263EA2700047E19C /* PopularMoviesSwiftUI.app */,
				3BFAD7EC263EA4550047E19C /* Core.framework */,
			);
			name = Products;
			sourceTree = "<group>";
		};
		3BFAD7B4263EA2700047E19C /* iOS */ = {
			isa = PBXGroup;
			children = (
				3BFAD888263ED5A20047E19C /* PopularMoviesTab */,
				3BFAD88E263ED6B80047E19C /* FavoriteMoviesTab */,
				3BA5E7E526400B4000843483 /* DetailsScreen */,
				3BA5E7DB263FFF9900843483 /* AppView.swift */,
				3BFAD882263ED3730047E19C /* SystemColors.swift */,
				3BFAD7B5263EA2700047E19C /* Info.plist */,
			);
			path = iOS;
			sourceTree = "<group>";
		};
		3BFAD7BB263EA2700047E19C /* macOS */ = {
			isa = PBXGroup;
			children = (
				3BFAD88B263ED5B60047E19C /* PopularMoviesTab */,
				3BFAD891263ED6C70047E19C /* FavoriteMoviesTab */,
				3BA5E7E226400B3300843483 /* DetailsScreen */,
				3BA5E7DD263FFFB200843483 /* AppView.swift */,
				3BFAD885263ED3830047E19C /* SystemColors.swift */,
				3BFAD7BC263EA2700047E19C /* Info.plist */,
				3BFAD7BD263EA2700047E19C /* macOS.entitlements */,
			);
			path = macOS;
			sourceTree = "<group>";
		};
		3BFAD7ED263EA4550047E19C /* Core */ = {
			isa = PBXGroup;
			children = (
				3BFAD829263EA8610047E19C /* Common */,
				3BFAD81A263EA8610047E19C /* Core */,
				3BFAD830263EA8610047E19C /* Entities */,
				3BFAD834263EA8610047E19C /* Generated */,
				3BFAD823263EA8610047E19C /* Models */,
				3BFAD832263EA8610047E19C /* Services */,
				3BFAD826263EA8610047E19C /* Templates */,
				3BFAD837263EA8610047E19C /* UseCases */,
				3BFAD83A263EA8610047E19C /* AppEnvironment.swift */,
				3BFAD836263EA8610047E19C /* Context.swift */,
				3BFAD825263EA8610047E19C /* Services.swift */,
				3BFAD7EE263EA4550047E19C /* Core.h */,
				3BFAD7EF263EA4550047E19C /* Info.plist */,
			);
			path = Core;
			sourceTree = "<group>";
		};
		3BFAD7F9263EA5020047E19C /* Frameworks */ = {
			isa = PBXGroup;
			children = (
			);
			name = Frameworks;
			sourceTree = "<group>";
		};
		3BFAD81A263EA8610047E19C /* Core */ = {
			isa = PBXGroup;
			children = (
				3BFAD81B263EA8610047E19C /* Database */,
				3BFAD820263EA8610047E19C /* Network */,
			);
			path = Core;
			sourceTree = "<group>";
		};
		3BFAD81B263EA8610047E19C /* Database */ = {
			isa = PBXGroup;
			children = (
				3BFAD81C263EA8610047E19C /* AbstractDatabase.swift */,
				3BFAD81D263EA8610047E19C /* Extensions */,
				3BFAD81F263EA8610047E19C /* Database.swift */,
			);
			path = Database;
			sourceTree = "<group>";
		};
		3BFAD81D263EA8610047E19C /* Extensions */ = {
			isa = PBXGroup;
			children = (
				3BFAD81E263EA8610047E19C /* Realm+Extensions.swift */,
			);
			path = Extensions;
			sourceTree = "<group>";
		};
		3BFAD820263EA8610047E19C /* Network */ = {
			isa = PBXGroup;
			children = (
				3BFAD821263EA8610047E19C /* Networking.swift */,
				3BFAD822263EA8610047E19C /* Network.swift */,
			);
			path = Network;
			sourceTree = "<group>";
		};
		3BFAD823263EA8610047E19C /* Models */ = {
			isa = PBXGroup;
			children = (
				3BFAD824263EA8610047E19C /* RMPopularMovie.swift */,
			);
			path = Models;
			sourceTree = "<group>";
		};
		3BFAD826263EA8610047E19C /* Templates */ = {
			isa = PBXGroup;
			children = (
				3BFAD827263EA8610047E19C /* AutoUseCaseProvider.stencil */,
				3BFAD828263EA8610047E19C /* Templates.swift */,
			);
			path = Templates;
			sourceTree = "<group>";
		};
		3BFAD829263EA8610047E19C /* Common */ = {
			isa = PBXGroup;
			children = (
				3BFAD82A263EA8610047E19C /* Extensions */,
				3BFAD82E263EA8610047E19C /* Protocols */,
			);
			path = Common;
			sourceTree = "<group>";
		};
		3BFAD82A263EA8610047E19C /* Extensions */ = {
			isa = PBXGroup;
			children = (
				3BFAD82B263EA8610047E19C /* Services+External.swift */,
				3BFAD82C263EA8610047E19C /* .gitkeep */,
				3BFAD82D263EA8610047E19C /* NSObject+AssociatedObject.swift */,
			);
			path = Extensions;
			sourceTree = "<group>";
		};
		3BFAD82E263EA8610047E19C /* Protocols */ = {
			isa = PBXGroup;
			children = (
				3BFAD82F263EA8610047E19C /* Convertible.swift */,
			);
			path = Protocols;
			sourceTree = "<group>";
		};
		3BFAD830263EA8610047E19C /* Entities */ = {
			isa = PBXGroup;
			children = (
				3BFAD831263EA8610047E19C /* PopularMovie.swift */,
			);
			path = Entities;
			sourceTree = "<group>";
		};
		3BFAD832263EA8610047E19C /* Services */ = {
			isa = PBXGroup;
			children = (
				3BFAD833263EA8610047E19C /* MoviesService.swift */,
			);
			path = Services;
			sourceTree = "<group>";
		};
		3BFAD834263EA8610047E19C /* Generated */ = {
			isa = PBXGroup;
			children = (
				3BFAD835263EA8610047E19C /* AutoUseCaseProvider.generated.swift */,
			);
			path = Generated;
			sourceTree = "<group>";
		};
		3BFAD837263EA8610047E19C /* UseCases */ = {
			isa = PBXGroup;
			children = (
				3BFAD838263EA8610047E19C /* MoviesUseCase.swift */,
				3BFAD839263EA8610047E19C /* UseCasesConsumer.swift */,
			);
			path = UseCases;
			sourceTree = "<group>";
		};
		3BFAD84F263EA9890047E19C /* Common */ = {
			isa = PBXGroup;
			children = (
				3BFAD850263EA9890047E19C /* ActivityIndicator.swift */,
				3BFAD894263ED7C10047E19C /* ScreenSize.swift */,
				3BFAD852263EA9890047E19C /* Base */,
			);
			path = Common;
			sourceTree = "<group>";
		};
		3BFAD852263EA9890047E19C /* Base */ = {
			isa = PBXGroup;
			children = (
				3BFAD853263EA9890047E19C /* BaseViewModel.swift */,
				3BFAD854263EA9890047E19C /* ViewModel.swift */,
			);
			path = Base;
			sourceTree = "<group>";
		};
		3BFAD855263EA9890047E19C /* Modules */ = {
			isa = PBXGroup;
			children = (
				3BFAD856263EA9890047E19C /* PopularMoviesTab */,
				3BFAD85C263EA9890047E19C /* FavoriteMoviesTab */,
				3BFAD85F263EA9890047E19C /* DetailsScreen */,
			);
			path = Modules;
			sourceTree = "<group>";
		};
		3BFAD856263EA9890047E19C /* PopularMoviesTab */ = {
			isa = PBXGroup;
			children = (
				3BFAD857263EA9890047E19C /* PopularMovieTableViewCell */,
				3BFAD859263EA9890047E19C /* PopularMoviesViewModel.swift */,
			);
			path = PopularMoviesTab;
			sourceTree = "<group>";
		};
		3BFAD857263EA9890047E19C /* PopularMovieTableViewCell */ = {
			isa = PBXGroup;
			children = (
				3BFAD858263EA9890047E19C /* PopularMovieTableRow.swift */,
			);
			path = PopularMovieTableViewCell;
			sourceTree = "<group>";
		};
		3BFAD85C263EA9890047E19C /* FavoriteMoviesTab */ = {
			isa = PBXGroup;
			children = (
				3BFAD85D263EA9890047E19C /* FaforiteMoviesViewModel.swift */,
			);
			path = FavoriteMoviesTab;
			sourceTree = "<group>";
		};
		3BFAD85F263EA9890047E19C /* DetailsScreen */ = {
			isa = PBXGroup;
			children = (
				3BFAD861263EA9890047E19C /* DetailsScreenViewModel.swift */,
			);
			path = DetailsScreen;
			sourceTree = "<group>";
		};
		3BFAD888263ED5A20047E19C /* PopularMoviesTab */ = {
			isa = PBXGroup;
			children = (
				3BFAD889263ED5A20047E19C /* PopularMoviesTab.swift */,
			);
			path = PopularMoviesTab;
			sourceTree = "<group>";
		};
		3BFAD88B263ED5B60047E19C /* PopularMoviesTab */ = {
			isa = PBXGroup;
			children = (
				3BFAD88C263ED5B60047E19C /* PopularMoviesTab.swift */,
			);
			path = PopularMoviesTab;
			sourceTree = "<group>";
		};
		3BFAD88E263ED6B80047E19C /* FavoriteMoviesTab */ = {
			isa = PBXGroup;
			children = (
				3BFAD88F263ED6B80047E19C /* FavoriteMoviesTab.swift */,
			);
			path = FavoriteMoviesTab;
			sourceTree = "<group>";
		};
		3BFAD891263ED6C70047E19C /* FavoriteMoviesTab */ = {
			isa = PBXGroup;
			children = (
				3BFAD892263ED6C70047E19C /* FavoriteMoviesTab.swift */,
			);
			path = FavoriteMoviesTab;
			sourceTree = "<group>";
		};
/* End PBXGroup section */

/* Begin PBXHeadersBuildPhase section */
		3BFAD7E7263EA4550047E19C /* Headers */ = {
			isa = PBXHeadersBuildPhase;
			buildActionMask = 2147483647;
			files = (
				3BFAD7F0263EA4550047E19C /* Core.h in Headers */,
			);
			runOnlyForDeploymentPostprocessing = 0;
		};
/* End PBXHeadersBuildPhase section */

/* Begin PBXNativeTarget section */
		3BFAD7B1263EA2700047E19C /* PopularMoviesSwiftUI (iOS) */ = {
			isa = PBXNativeTarget;
			buildConfigurationList = 3BFAD7C6263EA2700047E19C /* Build configuration list for PBXNativeTarget "PopularMoviesSwiftUI (iOS)" */;
			buildPhases = (
				3BFAD7AE263EA2700047E19C /* Sources */,
				3BFAD7AF263EA2700047E19C /* Frameworks */,
				3BFAD7B0263EA2700047E19C /* Resources */,
				3BFAD80B263EA7AD0047E19C /* Embed Frameworks */,
			);
			buildRules = (
			);
			dependencies = (
				3BFAD80F263EA7DE0047E19C /* PBXTargetDependency */,
			);
			name = "PopularMoviesSwiftUI (iOS)";
			packageProductDependencies = (
				3BFAD805263EA7AD0047E19C /* KingfisherSwiftUI */,
			);
			productName = "PopularMoviesSwiftUI (iOS)";
			productReference = 3BFAD7B2263EA2700047E19C /* PopularMoviesSwiftUI.app */;
			productType = "com.apple.product-type.application";
		};
		3BFAD7B9263EA2700047E19C /* PopularMoviesSwiftUI (macOS) */ = {
			isa = PBXNativeTarget;
			buildConfigurationList = 3BFAD7C9263EA2700047E19C /* Build configuration list for PBXNativeTarget "PopularMoviesSwiftUI (macOS)" */;
			buildPhases = (
				3BFAD7B6263EA2700047E19C /* Sources */,
				3BFAD7B7263EA2700047E19C /* Frameworks */,
				3BFAD7B8263EA2700047E19C /* Resources */,
				3BFAD814263EA7FD0047E19C /* Embed Frameworks */,
			);
			buildRules = (
			);
			dependencies = (
				3BFAD813263EA7FD0047E19C /* PBXTargetDependency */,
			);
			name = "PopularMoviesSwiftUI (macOS)";
			packageProductDependencies = (
				3BFAD817263EA8080047E19C /* KingfisherSwiftUI */,
			);
			productName = "PopularMoviesSwiftUI (macOS)";
			productReference = 3BFAD7BA263EA2700047E19C /* PopularMoviesSwiftUI.app */;
			productType = "com.apple.product-type.application";
		};
		3BFAD7EB263EA4550047E19C /* Core */ = {
			isa = PBXNativeTarget;
			buildConfigurationList = 3BFAD7F1263EA4550047E19C /* Build configuration list for PBXNativeTarget "Core" */;
			buildPhases = (
				3BFAD7E7263EA4550047E19C /* Headers */,
				3BFAD7E8263EA4550047E19C /* Sources */,
				3BFAD7E9263EA4550047E19C /* Frameworks */,
				3BFAD7EA263EA4550047E19C /* Resources */,
				3BFAD880263EB2370047E19C /* [Sourcery] Code Generation */,
			);
			buildRules = (
			);
			dependencies = (
			);
			name = Core;
			packageProductDependencies = (
				3BFAD7FA263EA5020047E19C /* Realm */,
				3BFAD7FC263EA5020047E19C /* RealmSwift */,
				3BFAD7FF263EA5360047E19C /* Alamofire */,
			);
			productName = Core;
			productReference = 3BFAD7EC263EA4550047E19C /* Core.framework */;
			productType = "com.apple.product-type.framework";
		};
/* End PBXNativeTarget section */

/* Begin PBXProject section */
		3BFAD7A6263EA26A0047E19C /* Project object */ = {
			isa = PBXProject;
			attributes = {
				LastSwiftUpdateCheck = 1250;
				LastUpgradeCheck = 1250;
				TargetAttributes = {
					3BFAD7B1263EA2700047E19C = {
						CreatedOnToolsVersion = 12.5;
					};
					3BFAD7B9263EA2700047E19C = {
						CreatedOnToolsVersion = 12.5;
					};
					3BFAD7EB263EA4550047E19C = {
						CreatedOnToolsVersion = 12.5;
						LastSwiftMigration = 1250;
					};
				};
			};
			buildConfigurationList = 3BFAD7A9263EA26A0047E19C /* Build configuration list for PBXProject "PopularMoviesSwiftUI" */;
			compatibilityVersion = "Xcode 9.3";
			developmentRegion = en;
			hasScannedForEncodings = 0;
			knownRegions = (
				en,
				Base,
			);
			mainGroup = 3BFAD7A5263EA26A0047E19C;
			packageReferences = (
				3BFAD7F4263EA4D00047E19C /* XCRemoteSwiftPackageReference "realm-cocoa" */,
				3BFAD7FE263EA5360047E19C /* XCRemoteSwiftPackageReference "Alamofire" */,
				3BFAD804263EA7AD0047E19C /* XCRemoteSwiftPackageReference "Kingfisher" */,
			);
			productRefGroup = 3BFAD7B3263EA2700047E19C /* Products */;
			projectDirPath = "";
			projectRoot = "";
			targets = (
				3BFAD7B1263EA2700047E19C /* PopularMoviesSwiftUI (iOS) */,
				3BFAD7B9263EA2700047E19C /* PopularMoviesSwiftUI (macOS) */,
				3BFAD7EB263EA4550047E19C /* Core */,
			);
		};
/* End PBXProject section */

/* Begin PBXResourcesBuildPhase section */
		3BFAD7B0263EA2700047E19C /* Resources */ = {
			isa = PBXResourcesBuildPhase;
			buildActionMask = 2147483647;
			files = (
				3BFAD7C2263EA2700047E19C /* Assets.xcassets in Resources */,
				3BFAD87E263EB1F20047E19C /* .sourcery.yml in Resources */,
			);
			runOnlyForDeploymentPostprocessing = 0;
		};
		3BFAD7B8263EA2700047E19C /* Resources */ = {
			isa = PBXResourcesBuildPhase;
			buildActionMask = 2147483647;
			files = (
				3BFAD7C3263EA2700047E19C /* Assets.xcassets in Resources */,
				3BFAD87F263EB1F20047E19C /* .sourcery.yml in Resources */,
			);
			runOnlyForDeploymentPostprocessing = 0;
		};
		3BFAD7EA263EA4550047E19C /* Resources */ = {
			isa = PBXResourcesBuildPhase;
			buildActionMask = 2147483647;
			files = (
				3BFAD842263EA8610047E19C /* AutoUseCaseProvider.stencil in Resources */,
				3BFAD845263EA8610047E19C /* .gitkeep in Resources */,
			);
			runOnlyForDeploymentPostprocessing = 0;
		};
/* End PBXResourcesBuildPhase section */

/* Begin PBXShellScriptBuildPhase section */
		3BFAD880263EB2370047E19C /* [Sourcery] Code Generation */ = {
			isa = PBXShellScriptBuildPhase;
			buildActionMask = 2147483647;
			files = (
			);
			inputFileListPaths = (
			);
			inputPaths = (
			);
			name = "[Sourcery] Code Generation";
			outputFileListPaths = (
			);
			outputPaths = (
			);
			runOnlyForDeploymentPostprocessing = 0;
			shellPath = /bin/sh;
			shellScript = "./Sourcery/bin/sourcery --sources ./Core --templates ./Core/Templates/ --output ./Core/Generated\n";
		};
/* End PBXShellScriptBuildPhase section */

/* Begin PBXSourcesBuildPhase section */
		3BFAD7AE263EA2700047E19C /* Sources */ = {
			isa = PBXSourcesBuildPhase;
			buildActionMask = 2147483647;
			files = (
				3BFAD88A263ED5A20047E19C /* PopularMoviesTab.swift in Sources */,
				3BFAD883263ED3740047E19C /* SystemColors.swift in Sources */,
				3BFAD878263EA9890047E19C /* DetailsScreenViewModel.swift in Sources */,
				3BFAD896263ED7C40047E19C /* ScreenSize.swift in Sources */,
				3BFAD86C263EA9890047E19C /* PopularMoviesViewModel.swift in Sources */,
				3BFAD866263EA9890047E19C /* BaseViewModel.swift in Sources */,
				3BFAD890263ED6B80047E19C /* FavoriteMoviesTab.swift in Sources */,
				3BA5E7E726400B4000843483 /* DetailsScreenView.swift in Sources */,
				3BFAD872263EA9890047E19C /* FaforiteMoviesViewModel.swift in Sources */,
				3BFAD862263EA9890047E19C /* ActivityIndicator.swift in Sources */,
				3BA5E7DC263FFF9900843483 /* AppView.swift in Sources */,
				3BA5E7E12640016300843483 /* ContentView.swift in Sources */,
				3BFAD86A263EA9890047E19C /* PopularMovieTableRow.swift in Sources */,
				3BFAD868263EA9890047E19C /* ViewModel.swift in Sources */,
				3BFAD7BE263EA2700047E19C /* PopularMoviesSwiftUIApp.swift in Sources */,
			);
			runOnlyForDeploymentPostprocessing = 0;
		};
		3BFAD7B6263EA2700047E19C /* Sources */ = {
			isa = PBXSourcesBuildPhase;
			buildActionMask = 2147483647;
			files = (
				3BFAD88D263ED5B60047E19C /* PopularMoviesTab.swift in Sources */,
				3BFAD887263ED3830047E19C /* SystemColors.swift in Sources */,
				3BFAD879263EA9890047E19C /* DetailsScreenViewModel.swift in Sources */,
				3BFAD895263ED7C10047E19C /* ScreenSize.swift in Sources */,
				3BFAD86D263EA9890047E19C /* PopularMoviesViewModel.swift in Sources */,
				3BFAD867263EA9890047E19C /* BaseViewModel.swift in Sources */,
				3BFAD893263ED6C70047E19C /* FavoriteMoviesTab.swift in Sources */,
				3BA5E7E426400B3300843483 /* DetailsScreenView.swift in Sources */,
				3BFAD873263EA9890047E19C /* FaforiteMoviesViewModel.swift in Sources */,
				3BFAD863263EA9890047E19C /* ActivityIndicator.swift in Sources */,
				3BA5E7DE263FFFB200843483 /* AppView.swift in Sources */,
				3BA5E7E0264000A600843483 /* ContentView.swift in Sources */,
				3BFAD86B263EA9890047E19C /* PopularMovieTableRow.swift in Sources */,
				3BFAD869263EA9890047E19C /* ViewModel.swift in Sources */,
				3BFAD7BF263EA2700047E19C /* PopularMoviesSwiftUIApp.swift in Sources */,
			);
			runOnlyForDeploymentPostprocessing = 0;
		};
		3BFAD7E8263EA4550047E19C /* Sources */ = {
			isa = PBXSourcesBuildPhase;
			buildActionMask = 2147483647;
			files = (
				3BFAD83F263EA8610047E19C /* Network.swift in Sources */,
				3BFAD843263EA8610047E19C /* Templates.swift in Sources */,
				3BFAD83D263EA8610047E19C /* Database.swift in Sources */,
				3BFAD84B263EA8610047E19C /* Context.swift in Sources */,
				3BFAD83B263EA8610047E19C /* AbstractDatabase.swift in Sources */,
				3BFAD844263EA8610047E19C /* Services+External.swift in Sources */,
				3BFAD841263EA8610047E19C /* Services.swift in Sources */,
				3BFAD840263EA8610047E19C /* RMPopularMovie.swift in Sources */,
				3BFAD84D263EA8610047E19C /* UseCasesConsumer.swift in Sources */,
				3BFAD83C263EA8610047E19C /* Realm+Extensions.swift in Sources */,
				3BFAD848263EA8610047E19C /* PopularMovie.swift in Sources */,
				3BFAD84C263EA8610047E19C /* MoviesUseCase.swift in Sources */,
				3BFAD846263EA8610047E19C /* NSObject+AssociatedObject.swift in Sources */,
				3BFAD849263EA8610047E19C /* MoviesService.swift in Sources */,
				3BFAD83E263EA8610047E19C /* Networking.swift in Sources */,
				3BFAD84A263EA8610047E19C /* AutoUseCaseProvider.generated.swift in Sources */,
				3BFAD847263EA8610047E19C /* Convertible.swift in Sources */,
				3BFAD84E263EA8610047E19C /* AppEnvironment.swift in Sources */,
			);
			runOnlyForDeploymentPostprocessing = 0;
		};
/* End PBXSourcesBuildPhase section */

/* Begin PBXTargetDependency section */
		3BFAD80F263EA7DE0047E19C /* PBXTargetDependency */ = {
			isa = PBXTargetDependency;
			target = 3BFAD7EB263EA4550047E19C /* Core */;
			targetProxy = 3BFAD80E263EA7DE0047E19C /* PBXContainerItemProxy */;
		};
		3BFAD813263EA7FD0047E19C /* PBXTargetDependency */ = {
			isa = PBXTargetDependency;
			target = 3BFAD7EB263EA4550047E19C /* Core */;
			targetProxy = 3BFAD812263EA7FD0047E19C /* PBXContainerItemProxy */;
		};
/* End PBXTargetDependency section */

/* Begin XCBuildConfiguration section */
		3BFAD7C4263EA2700047E19C /* Debug */ = {
			isa = XCBuildConfiguration;
			buildSettings = {
				ALWAYS_SEARCH_USER_PATHS = NO;
				CLANG_ANALYZER_NONNULL = YES;
				CLANG_ANALYZER_NUMBER_OBJECT_CONVERSION = YES_AGGRESSIVE;
				CLANG_CXX_LANGUAGE_STANDARD = "gnu++14";
				CLANG_CXX_LIBRARY = "libc++";
				CLANG_ENABLE_MODULES = YES;
				CLANG_ENABLE_OBJC_ARC = YES;
				CLANG_ENABLE_OBJC_WEAK = YES;
				CLANG_WARN_BLOCK_CAPTURE_AUTORELEASING = YES;
				CLANG_WARN_BOOL_CONVERSION = YES;
				CLANG_WARN_COMMA = YES;
				CLANG_WARN_CONSTANT_CONVERSION = YES;
				CLANG_WARN_DEPRECATED_OBJC_IMPLEMENTATIONS = YES;
				CLANG_WARN_DIRECT_OBJC_ISA_USAGE = YES_ERROR;
				CLANG_WARN_DOCUMENTATION_COMMENTS = YES;
				CLANG_WARN_EMPTY_BODY = YES;
				CLANG_WARN_ENUM_CONVERSION = YES;
				CLANG_WARN_INFINITE_RECURSION = YES;
				CLANG_WARN_INT_CONVERSION = YES;
				CLANG_WARN_NON_LITERAL_NULL_CONVERSION = YES;
				CLANG_WARN_OBJC_IMPLICIT_RETAIN_SELF = YES;
				CLANG_WARN_OBJC_LITERAL_CONVERSION = YES;
				CLANG_WARN_OBJC_ROOT_CLASS = YES_ERROR;
				CLANG_WARN_QUOTED_INCLUDE_IN_FRAMEWORK_HEADER = YES;
				CLANG_WARN_RANGE_LOOP_ANALYSIS = YES;
				CLANG_WARN_STRICT_PROTOTYPES = YES;
				CLANG_WARN_SUSPICIOUS_MOVE = YES;
				CLANG_WARN_UNGUARDED_AVAILABILITY = YES_AGGRESSIVE;
				CLANG_WARN_UNREACHABLE_CODE = YES;
				CLANG_WARN__DUPLICATE_METHOD_MATCH = YES;
				COPY_PHASE_STRIP = NO;
				DEBUG_INFORMATION_FORMAT = dwarf;
				ENABLE_STRICT_OBJC_MSGSEND = YES;
				ENABLE_TESTABILITY = YES;
				GCC_C_LANGUAGE_STANDARD = gnu11;
				GCC_DYNAMIC_NO_PIC = NO;
				GCC_NO_COMMON_BLOCKS = YES;
				GCC_OPTIMIZATION_LEVEL = 0;
				GCC_PREPROCESSOR_DEFINITIONS = (
					"DEBUG=1",
					"$(inherited)",
				);
				GCC_WARN_64_TO_32_BIT_CONVERSION = YES;
				GCC_WARN_ABOUT_RETURN_TYPE = YES_ERROR;
				GCC_WARN_UNDECLARED_SELECTOR = YES;
				GCC_WARN_UNINITIALIZED_AUTOS = YES_AGGRESSIVE;
				GCC_WARN_UNUSED_FUNCTION = YES;
				GCC_WARN_UNUSED_VARIABLE = YES;
				MTL_ENABLE_DEBUG_INFO = INCLUDE_SOURCE;
				MTL_FAST_MATH = YES;
				ONLY_ACTIVE_ARCH = YES;
				SWIFT_ACTIVE_COMPILATION_CONDITIONS = DEBUG;
				SWIFT_OPTIMIZATION_LEVEL = "-Onone";
			};
			name = Debug;
		};
		3BFAD7C5263EA2700047E19C /* Release */ = {
			isa = XCBuildConfiguration;
			buildSettings = {
				ALWAYS_SEARCH_USER_PATHS = NO;
				CLANG_ANALYZER_NONNULL = YES;
				CLANG_ANALYZER_NUMBER_OBJECT_CONVERSION = YES_AGGRESSIVE;
				CLANG_CXX_LANGUAGE_STANDARD = "gnu++14";
				CLANG_CXX_LIBRARY = "libc++";
				CLANG_ENABLE_MODULES = YES;
				CLANG_ENABLE_OBJC_ARC = YES;
				CLANG_ENABLE_OBJC_WEAK = YES;
				CLANG_WARN_BLOCK_CAPTURE_AUTORELEASING = YES;
				CLANG_WARN_BOOL_CONVERSION = YES;
				CLANG_WARN_COMMA = YES;
				CLANG_WARN_CONSTANT_CONVERSION = YES;
				CLANG_WARN_DEPRECATED_OBJC_IMPLEMENTATIONS = YES;
				CLANG_WARN_DIRECT_OBJC_ISA_USAGE = YES_ERROR;
				CLANG_WARN_DOCUMENTATION_COMMENTS = YES;
				CLANG_WARN_EMPTY_BODY = YES;
				CLANG_WARN_ENUM_CONVERSION = YES;
				CLANG_WARN_INFINITE_RECURSION = YES;
				CLANG_WARN_INT_CONVERSION = YES;
				CLANG_WARN_NON_LITERAL_NULL_CONVERSION = YES;
				CLANG_WARN_OBJC_IMPLICIT_RETAIN_SELF = YES;
				CLANG_WARN_OBJC_LITERAL_CONVERSION = YES;
				CLANG_WARN_OBJC_ROOT_CLASS = YES_ERROR;
				CLANG_WARN_QUOTED_INCLUDE_IN_FRAMEWORK_HEADER = YES;
				CLANG_WARN_RANGE_LOOP_ANALYSIS = YES;
				CLANG_WARN_STRICT_PROTOTYPES = YES;
				CLANG_WARN_SUSPICIOUS_MOVE = YES;
				CLANG_WARN_UNGUARDED_AVAILABILITY = YES_AGGRESSIVE;
				CLANG_WARN_UNREACHABLE_CODE = YES;
				CLANG_WARN__DUPLICATE_METHOD_MATCH = YES;
				COPY_PHASE_STRIP = NO;
				DEBUG_INFORMATION_FORMAT = "dwarf-with-dsym";
				ENABLE_NS_ASSERTIONS = NO;
				ENABLE_STRICT_OBJC_MSGSEND = YES;
				GCC_C_LANGUAGE_STANDARD = gnu11;
				GCC_NO_COMMON_BLOCKS = YES;
				GCC_WARN_64_TO_32_BIT_CONVERSION = YES;
				GCC_WARN_ABOUT_RETURN_TYPE = YES_ERROR;
				GCC_WARN_UNDECLARED_SELECTOR = YES;
				GCC_WARN_UNINITIALIZED_AUTOS = YES_AGGRESSIVE;
				GCC_WARN_UNUSED_FUNCTION = YES;
				GCC_WARN_UNUSED_VARIABLE = YES;
				MTL_ENABLE_DEBUG_INFO = NO;
				MTL_FAST_MATH = YES;
				SWIFT_COMPILATION_MODE = wholemodule;
				SWIFT_OPTIMIZATION_LEVEL = "-O";
			};
			name = Release;
		};
		3BFAD7C7263EA2700047E19C /* Debug */ = {
			isa = XCBuildConfiguration;
			buildSettings = {
				ALWAYS_EMBED_SWIFT_STANDARD_LIBRARIES = YES;
				ASSETCATALOG_COMPILER_APPICON_NAME = AppIcon;
				ASSETCATALOG_COMPILER_GLOBAL_ACCENT_COLOR_NAME = AccentColor;
				CODE_SIGN_STYLE = Automatic;
				DEVELOPMENT_TEAM = 6423MBW33K;
				ENABLE_PREVIEWS = YES;
				INFOPLIST_FILE = iOS/Info.plist;
				IPHONEOS_DEPLOYMENT_TARGET = 14.1;
				LD_RUNPATH_SEARCH_PATHS = (
					"$(inherited)",
					"@executable_path/Frameworks",
				);
				PRODUCT_BUNDLE_IDENTIFIER = com.shekunsky.PopularMoviesSwiftUI;
				PRODUCT_NAME = PopularMoviesSwiftUI;
				SDKROOT = iphoneos;
				SWIFT_VERSION = 5.0;
				TARGETED_DEVICE_FAMILY = "1,2";
			};
			name = Debug;
		};
		3BFAD7C8263EA2700047E19C /* Release */ = {
			isa = XCBuildConfiguration;
			buildSettings = {
				ALWAYS_EMBED_SWIFT_STANDARD_LIBRARIES = YES;
				ASSETCATALOG_COMPILER_APPICON_NAME = AppIcon;
				ASSETCATALOG_COMPILER_GLOBAL_ACCENT_COLOR_NAME = AccentColor;
				CODE_SIGN_STYLE = Automatic;
				DEVELOPMENT_TEAM = 6423MBW33K;
				ENABLE_PREVIEWS = YES;
				INFOPLIST_FILE = iOS/Info.plist;
				IPHONEOS_DEPLOYMENT_TARGET = 14.1;
				LD_RUNPATH_SEARCH_PATHS = (
					"$(inherited)",
					"@executable_path/Frameworks",
				);
				PRODUCT_BUNDLE_IDENTIFIER = com.shekunsky.PopularMoviesSwiftUI;
				PRODUCT_NAME = PopularMoviesSwiftUI;
				SDKROOT = iphoneos;
				SWIFT_VERSION = 5.0;
				TARGETED_DEVICE_FAMILY = "1,2";
				VALIDATE_PRODUCT = YES;
			};
			name = Release;
		};
		3BFAD7CA263EA2700047E19C /* Debug */ = {
			isa = XCBuildConfiguration;
			buildSettings = {
				ALWAYS_EMBED_SWIFT_STANDARD_LIBRARIES = YES;
				ASSETCATALOG_COMPILER_APPICON_NAME = AppIcon;
				ASSETCATALOG_COMPILER_GLOBAL_ACCENT_COLOR_NAME = AccentColor;
				CODE_SIGN_ENTITLEMENTS = macOS/macOS.entitlements;
				CODE_SIGN_IDENTITY = "Apple Development";
				CODE_SIGN_STYLE = Automatic;
				COMBINE_HIDPI_IMAGES = YES;
				DEVELOPMENT_TEAM = 6423MBW33K;
				ENABLE_HARDENED_RUNTIME = YES;
				ENABLE_PREVIEWS = YES;
				INFOPLIST_FILE = macOS/Info.plist;
				LD_RUNPATH_SEARCH_PATHS = (
					"$(inherited)",
					"@executable_path/../Frameworks",
				);
				MACOSX_DEPLOYMENT_TARGET = 11.0;
				PRODUCT_BUNDLE_IDENTIFIER = com.shekunsky.PopularMoviesSwiftUI;
				PRODUCT_NAME = PopularMoviesSwiftUI;
				SDKROOT = macosx;
				SWIFT_VERSION = 5.0;
			};
			name = Debug;
		};
		3BFAD7CB263EA2700047E19C /* Release */ = {
			isa = XCBuildConfiguration;
			buildSettings = {
				ALWAYS_EMBED_SWIFT_STANDARD_LIBRARIES = YES;
				ASSETCATALOG_COMPILER_APPICON_NAME = AppIcon;
				ASSETCATALOG_COMPILER_GLOBAL_ACCENT_COLOR_NAME = AccentColor;
				CODE_SIGN_ENTITLEMENTS = macOS/macOS.entitlements;
				CODE_SIGN_IDENTITY = "Apple Development";
				CODE_SIGN_STYLE = Automatic;
				COMBINE_HIDPI_IMAGES = YES;
				DEVELOPMENT_TEAM = 6423MBW33K;
				ENABLE_HARDENED_RUNTIME = YES;
				ENABLE_PREVIEWS = YES;
				INFOPLIST_FILE = macOS/Info.plist;
				LD_RUNPATH_SEARCH_PATHS = (
					"$(inherited)",
					"@executable_path/../Frameworks",
				);
				MACOSX_DEPLOYMENT_TARGET = 11.0;
				PRODUCT_BUNDLE_IDENTIFIER = com.shekunsky.PopularMoviesSwiftUI;
				PRODUCT_NAME = PopularMoviesSwiftUI;
				SDKROOT = macosx;
				SWIFT_VERSION = 5.0;
			};
			name = Release;
		};
		3BFAD7F2263EA4550047E19C /* Debug */ = {
			isa = XCBuildConfiguration;
			buildSettings = {
				CLANG_ENABLE_MODULES = YES;
				CODE_SIGN_STYLE = Automatic;
				CURRENT_PROJECT_VERSION = 1;
				DEFINES_MODULE = YES;
				DEVELOPMENT_TEAM = 6423MBW33K;
				DYLIB_COMPATIBILITY_VERSION = 1;
				DYLIB_CURRENT_VERSION = 1;
				DYLIB_INSTALL_NAME_BASE = "@rpath";
				INFOPLIST_FILE = Core/Info.plist;
				INSTALL_PATH = "$(LOCAL_LIBRARY_DIR)/Frameworks";
				IPHONEOS_DEPLOYMENT_TARGET = 14.1;
				"IPHONEOS_DEPLOYMENT_TARGET[sdk=macosx*]" = 14.2;
				LD_RUNPATH_SEARCH_PATHS = (
					"$(inherited)",
					"@executable_path/Frameworks",
					"@loader_path/Frameworks",
				);
				MACOSX_DEPLOYMENT_TARGET = 11.0;
				PRODUCT_BUNDLE_IDENTIFIER = com.shekunsky.Core;
				PRODUCT_NAME = "$(TARGET_NAME:c99extidentifier)";
				SDKROOT = iphoneos;
				SKIP_INSTALL = YES;
				SUPPORTED_PLATFORMS = "iphonesimulator iphoneos macosx";
				SUPPORTS_MAC_DESIGNED_FOR_IPHONE_IPAD = NO;
				SWIFT_OPTIMIZATION_LEVEL = "-Onone";
				SWIFT_VERSION = 5.0;
				TARGETED_DEVICE_FAMILY = "1,2,6";
				VERSIONING_SYSTEM = "apple-generic";
				VERSION_INFO_PREFIX = "";
			};
			name = Debug;
		};
		3BFAD7F3263EA4550047E19C /* Release */ = {
			isa = XCBuildConfiguration;
			buildSettings = {
				CLANG_ENABLE_MODULES = YES;
				CODE_SIGN_STYLE = Automatic;
				CURRENT_PROJECT_VERSION = 1;
				DEFINES_MODULE = YES;
				DEVELOPMENT_TEAM = 6423MBW33K;
				DYLIB_COMPATIBILITY_VERSION = 1;
				DYLIB_CURRENT_VERSION = 1;
				DYLIB_INSTALL_NAME_BASE = "@rpath";
				INFOPLIST_FILE = Core/Info.plist;
				INSTALL_PATH = "$(LOCAL_LIBRARY_DIR)/Frameworks";
				IPHONEOS_DEPLOYMENT_TARGET = 14.1;
				"IPHONEOS_DEPLOYMENT_TARGET[sdk=macosx*]" = 14.2;
				LD_RUNPATH_SEARCH_PATHS = (
					"$(inherited)",
					"@executable_path/Frameworks",
					"@loader_path/Frameworks",
				);
				MACOSX_DEPLOYMENT_TARGET = 11.0;
				PRODUCT_BUNDLE_IDENTIFIER = com.shekunsky.Core;
				PRODUCT_NAME = "$(TARGET_NAME:c99extidentifier)";
				SDKROOT = iphoneos;
				SKIP_INSTALL = YES;
				SUPPORTED_PLATFORMS = "iphonesimulator iphoneos macosx";
				SUPPORTS_MAC_DESIGNED_FOR_IPHONE_IPAD = NO;
				SWIFT_VERSION = 5.0;
				TARGETED_DEVICE_FAMILY = "1,2,6";
				VALIDATE_PRODUCT = YES;
				VERSIONING_SYSTEM = "apple-generic";
				VERSION_INFO_PREFIX = "";
			};
			name = Release;
		};
/* End XCBuildConfiguration section */

/* Begin XCConfigurationList section */
		3BFAD7A9263EA26A0047E19C /* Build configuration list for PBXProject "PopularMoviesSwiftUI" */ = {
			isa = XCConfigurationList;
			buildConfigurations = (
				3BFAD7C4263EA2700047E19C /* Debug */,
				3BFAD7C5263EA2700047E19C /* Release */,
			);
			defaultConfigurationIsVisible = 0;
			defaultConfigurationName = Release;
		};
		3BFAD7C6263EA2700047E19C /* Build configuration list for PBXNativeTarget "PopularMoviesSwiftUI (iOS)" */ = {
			isa = XCConfigurationList;
			buildConfigurations = (
				3BFAD7C7263EA2700047E19C /* Debug */,
				3BFAD7C8263EA2700047E19C /* Release */,
			);
			defaultConfigurationIsVisible = 0;
			defaultConfigurationName = Release;
		};
		3BFAD7C9263EA2700047E19C /* Build configuration list for PBXNativeTarget "PopularMoviesSwiftUI (macOS)" */ = {
			isa = XCConfigurationList;
			buildConfigurations = (
				3BFAD7CA263EA2700047E19C /* Debug */,
				3BFAD7CB263EA2700047E19C /* Release */,
			);
			defaultConfigurationIsVisible = 0;
			defaultConfigurationName = Release;
		};
		3BFAD7F1263EA4550047E19C /* Build configuration list for PBXNativeTarget "Core" */ = {
			isa = XCConfigurationList;
			buildConfigurations = (
				3BFAD7F2263EA4550047E19C /* Debug */,
				3BFAD7F3263EA4550047E19C /* Release */,
			);
			defaultConfigurationIsVisible = 0;
			defaultConfigurationName = Release;
		};
/* End XCConfigurationList section */

/* Begin XCRemoteSwiftPackageReference section */
		3BFAD7F4263EA4D00047E19C /* XCRemoteSwiftPackageReference "realm-cocoa" */ = {
			isa = XCRemoteSwiftPackageReference;
			repositoryURL = "https://github.com/realm/realm-cocoa.git";
			requirement = {
				kind = upToNextMajorVersion;
				minimumVersion = 10.7.4;
			};
		};
		3BFAD7FE263EA5360047E19C /* XCRemoteSwiftPackageReference "Alamofire" */ = {
			isa = XCRemoteSwiftPackageReference;
			repositoryURL = "https://github.com/Alamofire/Alamofire.git";
			requirement = {
				kind = upToNextMajorVersion;
				minimumVersion = 5.4.3;
			};
		};
		3BFAD804263EA7AD0047E19C /* XCRemoteSwiftPackageReference "Kingfisher" */ = {
			isa = XCRemoteSwiftPackageReference;
			repositoryURL = "https://github.com/onevcat/Kingfisher.git";
			requirement = {
				kind = exactVersion;
				version = 5.13.3;
			};
		};
/* End XCRemoteSwiftPackageReference section */

/* Begin XCSwiftPackageProductDependency section */
		3BFAD7FA263EA5020047E19C /* Realm */ = {
			isa = XCSwiftPackageProductDependency;
			package = 3BFAD7F4263EA4D00047E19C /* XCRemoteSwiftPackageReference "realm-cocoa" */;
			productName = Realm;
		};
		3BFAD7FC263EA5020047E19C /* RealmSwift */ = {
			isa = XCSwiftPackageProductDependency;
			package = 3BFAD7F4263EA4D00047E19C /* XCRemoteSwiftPackageReference "realm-cocoa" */;
			productName = RealmSwift;
		};
		3BFAD7FF263EA5360047E19C /* Alamofire */ = {
			isa = XCSwiftPackageProductDependency;
			package = 3BFAD7FE263EA5360047E19C /* XCRemoteSwiftPackageReference "Alamofire" */;
			productName = Alamofire;
		};
		3BFAD805263EA7AD0047E19C /* KingfisherSwiftUI */ = {
			isa = XCSwiftPackageProductDependency;
			package = 3BFAD804263EA7AD0047E19C /* XCRemoteSwiftPackageReference "Kingfisher" */;
			productName = KingfisherSwiftUI;
		};
		3BFAD817263EA8080047E19C /* KingfisherSwiftUI */ = {
			isa = XCSwiftPackageProductDependency;
			package = 3BFAD804263EA7AD0047E19C /* XCRemoteSwiftPackageReference "Kingfisher" */;
			productName = KingfisherSwiftUI;
		};
/* End XCSwiftPackageProductDependency section */
	};
	rootObject = 3BFAD7A6263EA26A0047E19C /* Project object */;
}
